
Microsoft Visual Studio Solution File, Format Version 12.00
# Visual Studio Version 17
VisualStudioVersion = 17.1.32421.90
MinimumVisualStudioVersion = 10.0.40219.1
Project("{FAE04EC0-301F-11D3-BF4B-00C04F79EFBC}") = "URI1117", "URI1117\URI1117.csproj", "{3246F3FA-D4C5-41FD-BBAF-F48B0001DA6F}"
EndProject
Global
	GlobalSection(SolutionConfigurationPlatforms) = preSolution
		Debug|Any CPU = Debug|Any CPU
		Release|Any CPU = Release|Any CPU
	EndGlobalSection
	GlobalSection(ProjectConfigurationPlatforms) = postSolution
		{3246F3FA-D4C5-41FD-BBAF-F48B0001DA6F}.Debug|Any CPU.ActiveCfg = Debug|Any CPU
		{3246F3FA-D4C5-41FD-BBAF-F48B0001DA6F}.Debug|Any CPU.Build.0 = Debug|Any CPU
		{3246F3FA-D4C5-41FD-BBAF-F48B0001DA6F}.Release|Any CPU.ActiveCfg = Release|Any CPU
		{3246F3FA-D4C5-41FD-BBAF-F48B0001DA6F}.Release|Any CPU.Build.0 = Release|Any CPU
	EndGlobalSection
	GlobalSection(SolutionProperties) = preSolution
		HideSolutionNode = FALSE
	EndGlobalSection
	GlobalSection(ExtensibilityGlobals) = postSolution
		SolutionGuid = {9881A245-7EC9-421B-9C98-30D326957DF1}
	EndGlobalSection
EndGlobal
