
Microsoft Visual Studio Solution File, Format Version 12.00
# Visual Studio Version 17
VisualStudioVersion = 17.1.32421.90
MinimumVisualStudioVersion = 10.0.40219.1
Project("{FAE04EC0-301F-11D3-BF4B-00C04F79EFBC}") = "URI1050", "URI1050\URI1050.csproj", "{EEDDE32E-FBC5-4015-AA4D-E17B93BCC25D}"
EndProject
Global
	GlobalSection(SolutionConfigurationPlatforms) = preSolution
		Debug|Any CPU = Debug|Any CPU
		Release|Any CPU = Release|Any CPU
	EndGlobalSection
	GlobalSection(ProjectConfigurationPlatforms) = postSolution
		{EEDDE32E-FBC5-4015-AA4D-E17B93BCC25D}.Debug|Any CPU.ActiveCfg = Debug|Any CPU
		{EEDDE32E-FBC5-4015-AA4D-E17B93BCC25D}.Debug|Any CPU.Build.0 = Debug|Any CPU
		{EEDDE32E-FBC5-4015-AA4D-E17B93BCC25D}.Release|Any CPU.ActiveCfg = Release|Any CPU
		{EEDDE32E-FBC5-4015-AA4D-E17B93BCC25D}.Release|Any CPU.Build.0 = Release|Any CPU
	EndGlobalSection
	GlobalSection(SolutionProperties) = preSolution
		HideSolutionNode = FALSE
	EndGlobalSection
	GlobalSection(ExtensibilityGlobals) = postSolution
		SolutionGuid = {5BB9DDA7-B5A7-4655-BF08-FF0818E5374D}
	EndGlobalSection
EndGlobal
