
Microsoft Visual Studio Solution File, Format Version 12.00
# Visual Studio Version 17
VisualStudioVersion = 17.1.32421.90
MinimumVisualStudioVersion = 10.0.40219.1
Project("{FAE04EC0-301F-11D3-BF4B-00C04F79EFBC}") = "URI106 -Mod-sSring(desafio - interpretação)", "URI106 -Mod-sSring(desafio - interpretação)\URI106 -Mod-sSring(desafio - interpretação).csproj", "{39810C87-2825-4B06-8197-030F171E3D83}"
EndProject
Global
	GlobalSection(SolutionConfigurationPlatforms) = preSolution
		Debug|Any CPU = Debug|Any CPU
		Release|Any CPU = Release|Any CPU
	EndGlobalSection
	GlobalSection(ProjectConfigurationPlatforms) = postSolution
		{39810C87-2825-4B06-8197-030F171E3D83}.Debug|Any CPU.ActiveCfg = Debug|Any CPU
		{39810C87-2825-4B06-8197-030F171E3D83}.Debug|Any CPU.Build.0 = Debug|Any CPU
		{39810C87-2825-4B06-8197-030F171E3D83}.Release|Any CPU.ActiveCfg = Release|Any CPU
		{39810C87-2825-4B06-8197-030F171E3D83}.Release|Any CPU.Build.0 = Release|Any CPU
	EndGlobalSection
	GlobalSection(SolutionProperties) = preSolution
		HideSolutionNode = FALSE
	EndGlobalSection
	GlobalSection(ExtensibilityGlobals) = postSolution
		SolutionGuid = {ECDC1EE8-795D-4A9C-A6A8-869C86E924D9}
	EndGlobalSection
EndGlobal
