
Microsoft Visual Studio Solution File, Format Version 12.00
# Visual Studio Version 17
VisualStudioVersion = 17.1.32421.90
MinimumVisualStudioVersion = 10.0.40219.1
Project("{FAE04EC0-301F-11D3-BF4B-00C04F79EFBC}") = "URI1131", "URI1131\URI1131.csproj", "{C1C12B43-16D0-45D4-842D-DB7AC21A456B}"
EndProject
Global
	GlobalSection(SolutionConfigurationPlatforms) = preSolution
		Debug|Any CPU = Debug|Any CPU
		Release|Any CPU = Release|Any CPU
	EndGlobalSection
	GlobalSection(ProjectConfigurationPlatforms) = postSolution
		{C1C12B43-16D0-45D4-842D-DB7AC21A456B}.Debug|Any CPU.ActiveCfg = Debug|Any CPU
		{C1C12B43-16D0-45D4-842D-DB7AC21A456B}.Debug|Any CPU.Build.0 = Debug|Any CPU
		{C1C12B43-16D0-45D4-842D-DB7AC21A456B}.Release|Any CPU.ActiveCfg = Release|Any CPU
		{C1C12B43-16D0-45D4-842D-DB7AC21A456B}.Release|Any CPU.Build.0 = Release|Any CPU
	EndGlobalSection
	GlobalSection(SolutionProperties) = preSolution
		HideSolutionNode = FALSE
	EndGlobalSection
	GlobalSection(ExtensibilityGlobals) = postSolution
		SolutionGuid = {3C33B56E-0360-4B74-91C1-F609AFE2B7C4}
	EndGlobalSection
EndGlobal
