
Microsoft Visual Studio Solution File, Format Version 12.00
# Visual Studio Version 17
VisualStudioVersion = 17.1.32421.90
MinimumVisualStudioVersion = 10.0.40219.1
Project("{FAE04EC0-301F-11D3-BF4B-00C04F79EFBC}") = "URI1115", "URI1115\URI1115.csproj", "{6F0BC358-4EBE-4545-9670-60B112E2FE78}"
EndProject
Global
	GlobalSection(SolutionConfigurationPlatforms) = preSolution
		Debug|Any CPU = Debug|Any CPU
		Release|Any CPU = Release|Any CPU
	EndGlobalSection
	GlobalSection(ProjectConfigurationPlatforms) = postSolution
		{6F0BC358-4EBE-4545-9670-60B112E2FE78}.Debug|Any CPU.ActiveCfg = Debug|Any CPU
		{6F0BC358-4EBE-4545-9670-60B112E2FE78}.Debug|Any CPU.Build.0 = Debug|Any CPU
		{6F0BC358-4EBE-4545-9670-60B112E2FE78}.Release|Any CPU.ActiveCfg = Release|Any CPU
		{6F0BC358-4EBE-4545-9670-60B112E2FE78}.Release|Any CPU.Build.0 = Release|Any CPU
	EndGlobalSection
	GlobalSection(SolutionProperties) = preSolution
		HideSolutionNode = FALSE
	EndGlobalSection
	GlobalSection(ExtensibilityGlobals) = postSolution
		SolutionGuid = {9EE905ED-61BC-4004-B0C8-EC8A358F1E2A}
	EndGlobalSection
EndGlobal
