
Microsoft Visual Studio Solution File, Format Version 12.00
# Visual Studio Version 17
VisualStudioVersion = 17.1.32421.90
MinimumVisualStudioVersion = 10.0.40219.1
Project("{FAE04EC0-301F-11D3-BF4B-00C04F79EFBC}") = "ExercicioResolvido2-Retangulo", "ExercicioResolvido2-Retangulo\ExercicioResolvido2-Retangulo.csproj", "{BD86F7F9-CB25-4598-9930-CFB078E77210}"
EndProject
Global
	GlobalSection(SolutionConfigurationPlatforms) = preSolution
		Debug|Any CPU = Debug|Any CPU
		Release|Any CPU = Release|Any CPU
	EndGlobalSection
	GlobalSection(ProjectConfigurationPlatforms) = postSolution
		{BD86F7F9-CB25-4598-9930-CFB078E77210}.Debug|Any CPU.ActiveCfg = Debug|Any CPU
		{BD86F7F9-CB25-4598-9930-CFB078E77210}.Debug|Any CPU.Build.0 = Debug|Any CPU
		{BD86F7F9-CB25-4598-9930-CFB078E77210}.Release|Any CPU.ActiveCfg = Release|Any CPU
		{BD86F7F9-CB25-4598-9930-CFB078E77210}.Release|Any CPU.Build.0 = Release|Any CPU
	EndGlobalSection
	GlobalSection(SolutionProperties) = preSolution
		HideSolutionNode = FALSE
	EndGlobalSection
	GlobalSection(ExtensibilityGlobals) = postSolution
		SolutionGuid = {C67F82FA-6A17-406C-A045-971344997901}
	EndGlobalSection
EndGlobal
