
Microsoft Visual Studio Solution File, Format Version 12.00
# Visual Studio Version 17
VisualStudioVersion = 17.1.32421.90
MinimumVisualStudioVersion = 10.0.40219.1
Project("{FAE04EC0-301F-11D3-BF4B-00C04F79EFBC}") = "URI1070", "URI1070\URI1070.csproj", "{E5B45EDE-0997-4E84-ADD1-3D4B7788915A}"
EndProject
Global
	GlobalSection(SolutionConfigurationPlatforms) = preSolution
		Debug|Any CPU = Debug|Any CPU
		Release|Any CPU = Release|Any CPU
	EndGlobalSection
	GlobalSection(ProjectConfigurationPlatforms) = postSolution
		{E5B45EDE-0997-4E84-ADD1-3D4B7788915A}.Debug|Any CPU.ActiveCfg = Debug|Any CPU
		{E5B45EDE-0997-4E84-ADD1-3D4B7788915A}.Debug|Any CPU.Build.0 = Debug|Any CPU
		{E5B45EDE-0997-4E84-ADD1-3D4B7788915A}.Release|Any CPU.ActiveCfg = Release|Any CPU
		{E5B45EDE-0997-4E84-ADD1-3D4B7788915A}.Release|Any CPU.Build.0 = Release|Any CPU
	EndGlobalSection
	GlobalSection(SolutionProperties) = preSolution
		HideSolutionNode = FALSE
	EndGlobalSection
	GlobalSection(ExtensibilityGlobals) = postSolution
		SolutionGuid = {804961E0-E9EF-4813-84E6-7089BED9CE6F}
	EndGlobalSection
EndGlobal
