
Microsoft Visual Studio Solution File, Format Version 12.00
# Visual Studio Version 17
VisualStudioVersion = 17.1.32421.90
MinimumVisualStudioVersion = 10.0.40219.1
Project("{FAE04EC0-301F-11D3-BF4B-00C04F79EFBC}") = "exemploFor", "exemploFor\exemploFor.csproj", "{B37C76AD-2972-46D3-A2B3-30B3F42A78AA}"
EndProject
Global
	GlobalSection(SolutionConfigurationPlatforms) = preSolution
		Debug|Any CPU = Debug|Any CPU
		Release|Any CPU = Release|Any CPU
	EndGlobalSection
	GlobalSection(ProjectConfigurationPlatforms) = postSolution
		{B37C76AD-2972-46D3-A2B3-30B3F42A78AA}.Debug|Any CPU.ActiveCfg = Debug|Any CPU
		{B37C76AD-2972-46D3-A2B3-30B3F42A78AA}.Debug|Any CPU.Build.0 = Debug|Any CPU
		{B37C76AD-2972-46D3-A2B3-30B3F42A78AA}.Release|Any CPU.ActiveCfg = Release|Any CPU
		{B37C76AD-2972-46D3-A2B3-30B3F42A78AA}.Release|Any CPU.Build.0 = Release|Any CPU
	EndGlobalSection
	GlobalSection(SolutionProperties) = preSolution
		HideSolutionNode = FALSE
	EndGlobalSection
	GlobalSection(ExtensibilityGlobals) = postSolution
		SolutionGuid = {549FB76B-DD69-435F-A590-C095599A7CED}
	EndGlobalSection
EndGlobal
