
Microsoft Visual Studio Solution File, Format Version 12.00
# Visual Studio Version 17
VisualStudioVersion = 17.1.32421.90
MinimumVisualStudioVersion = 10.0.40219.1
Project("{FAE04EC0-301F-11D3-BF4B-00C04F79EFBC}") = "ConsoleApp1", "ConsoleApp1\ConsoleApp1.csproj", "{8D1E65F1-D085-4302-B1E2-DB9705F39602}"
EndProject
Global
	GlobalSection(SolutionConfigurationPlatforms) = preSolution
		Debug|Any CPU = Debug|Any CPU
		Release|Any CPU = Release|Any CPU
	EndGlobalSection
	GlobalSection(ProjectConfigurationPlatforms) = postSolution
		{8D1E65F1-D085-4302-B1E2-DB9705F39602}.Debug|Any CPU.ActiveCfg = Debug|Any CPU
		{8D1E65F1-D085-4302-B1E2-DB9705F39602}.Debug|Any CPU.Build.0 = Debug|Any CPU
		{8D1E65F1-D085-4302-B1E2-DB9705F39602}.Release|Any CPU.ActiveCfg = Release|Any CPU
		{8D1E65F1-D085-4302-B1E2-DB9705F39602}.Release|Any CPU.Build.0 = Release|Any CPU
	EndGlobalSection
	GlobalSection(SolutionProperties) = preSolution
		HideSolutionNode = FALSE
	EndGlobalSection
	GlobalSection(ExtensibilityGlobals) = postSolution
		SolutionGuid = {A4E5E47B-B884-4FD3-BA5F-A59580C2413D}
	EndGlobalSection
EndGlobal
